
Microsoft Visual Studio Solution File, Format Version 12.00
# Visual Studio Version 17
VisualStudioVersion = 17.5.33424.131
MinimumVisualStudioVersion = 10.0.40219.1
Project("{9A19103F-16F7-4668-BE54-9A1E7A4F7556}") = "CacheServer", "CacheServer\CacheServer.csproj", "{89F8FC86-E022-4D69-A493-C82C136FBB9A}"
EndProject
Project("{FAE04EC0-301F-11D3-BF4B-00C04F79EFBC}") = "FileServer", "FileServer\FileServer.csproj", "{BE162A3C-1827-44DA-A12F-EAEC27A22D0D}"
EndProject
Project("{FAE04EC0-301F-11D3-BF4B-00C04F79EFBC}") = "Client", "Client\Client.csproj", "{3EB53328-7B76-49FC-AD02-50F5BFF1E87C}"
EndProject
Global
	GlobalSection(SolutionConfigurationPlatforms) = preSolution
		Debug|Any CPU = Debug|Any CPU
		Release|Any CPU = Release|Any CPU
	EndGlobalSection
	GlobalSection(ProjectConfigurationPlatforms) = postSolution
		{89F8FC86-E022-4D69-A493-C82C136FBB9A}.Debug|Any CPU.ActiveCfg = Debug|Any CPU
		{89F8FC86-E022-4D69-A493-C82C136FBB9A}.Debug|Any CPU.Build.0 = Debug|Any CPU
		{89F8FC86-E022-4D69-A493-C82C136FBB9A}.Release|Any CPU.ActiveCfg = Release|Any CPU
		{89F8FC86-E022-4D69-A493-C82C136FBB9A}.Release|Any CPU.Build.0 = Release|Any CPU
		{BE162A3C-1827-44DA-A12F-EAEC27A22D0D}.Debug|Any CPU.ActiveCfg = Debug|Any CPU
		{BE162A3C-1827-44DA-A12F-EAEC27A22D0D}.Debug|Any CPU.Build.0 = Debug|Any CPU
		{BE162A3C-1827-44DA-A12F-EAEC27A22D0D}.Release|Any CPU.ActiveCfg = Release|Any CPU
		{BE162A3C-1827-44DA-A12F-EAEC27A22D0D}.Release|Any CPU.Build.0 = Release|Any CPU
		{3EB53328-7B76-49FC-AD02-50F5BFF1E87C}.Debug|Any CPU.ActiveCfg = Debug|Any CPU
		{3EB53328-7B76-49FC-AD02-50F5BFF1E87C}.Debug|Any CPU.Build.0 = Debug|Any CPU
		{3EB53328-7B76-49FC-AD02-50F5BFF1E87C}.Release|Any CPU.ActiveCfg = Release|Any CPU
		{3EB53328-7B76-49FC-AD02-50F5BFF1E87C}.Release|Any CPU.Build.0 = Release|Any CPU
	EndGlobalSection
	GlobalSection(SolutionProperties) = preSolution
		HideSolutionNode = FALSE
	EndGlobalSection
	GlobalSection(ExtensibilityGlobals) = postSolution
		SolutionGuid = {01BF16DD-45D1-4AD1-B791-7090B986BA02}
	EndGlobalSection
EndGlobal
